
Microsoft Visual Studio Solution File, Format Version 12.00
# Visual Studio Version 17
VisualStudioVersion = 17.5.33627.172
MinimumVisualStudioVersion = 10.0.40219.1
Project("{FAE04EC0-301F-11D3-BF4B-00C04F79EFBC}") = "UltiLaunch", "src\UltiLaunch.csproj", "{3D219331-194C-4B96-8BC6-514C4CC737F2}"
EndProject
Global
	GlobalSection(SolutionConfigurationPlatforms) = preSolution
		Debug|Any CPU = Debug|Any CPU
		Release|Any CPU = Release|Any CPU
	EndGlobalSection
	GlobalSection(ProjectConfigurationPlatforms) = postSolution
		{3D219331-194C-4B96-8BC6-514C4CC737F2}.Debug|Any CPU.ActiveCfg = Debug|Any CPU
		{3D219331-194C-4B96-8BC6-514C4CC737F2}.Debug|Any CPU.Build.0 = Debug|Any CPU
		{3D219331-194C-4B96-8BC6-514C4CC737F2}.Release|Any CPU.ActiveCfg = Release|Any CPU
		{3D219331-194C-4B96-8BC6-514C4CC737F2}.Release|Any CPU.Build.0 = Release|Any CPU
	EndGlobalSection
	GlobalSection(SolutionProperties) = preSolution
		HideSolutionNode = FALSE
	EndGlobalSection
	GlobalSection(ExtensibilityGlobals) = postSolution
		SolutionGuid = {D002BC02-19F5-41A9-AC99-3582B29AAAC5}
	EndGlobalSection
EndGlobal
